
Microsoft Visual Studio Solution File, Format Version 12.00
# Visual Studio 14
VisualStudioVersion = 14.0.25420.1
MinimumVisualStudioVersion = 10.0.40219.1
Project("{FAE04EC0-301F-11D3-BF4B-00C04F79EFBC}") = "Chain of Responsibility", "Chain of Responsibility\Chain of Responsibility.csproj", "{5B0886F6-8B20-4925-B11D-42373E98EFE4}"
EndProject
Project("{FAE04EC0-301F-11D3-BF4B-00C04F79EFBC}") = "Command", "Command\Command.csproj", "{30A81E25-D5F8-4828-AAA0-EB828D348FEA}"
EndProject
Project("{FAE04EC0-301F-11D3-BF4B-00C04F79EFBC}") = "Visitor", "Visitor\Visitor.csproj", "{C19C113B-9781-4EC3-9094-5FE7A121E47C}"
EndProject
Global
	GlobalSection(SolutionConfigurationPlatforms) = preSolution
		Debug|Any CPU = Debug|Any CPU
		Release|Any CPU = Release|Any CPU
	EndGlobalSection
	GlobalSection(ProjectConfigurationPlatforms) = postSolution
		{5B0886F6-8B20-4925-B11D-42373E98EFE4}.Debug|Any CPU.ActiveCfg = Debug|Any CPU
		{5B0886F6-8B20-4925-B11D-42373E98EFE4}.Debug|Any CPU.Build.0 = Debug|Any CPU
		{5B0886F6-8B20-4925-B11D-42373E98EFE4}.Release|Any CPU.ActiveCfg = Release|Any CPU
		{5B0886F6-8B20-4925-B11D-42373E98EFE4}.Release|Any CPU.Build.0 = Release|Any CPU
		{30A81E25-D5F8-4828-AAA0-EB828D348FEA}.Debug|Any CPU.ActiveCfg = Debug|Any CPU
		{30A81E25-D5F8-4828-AAA0-EB828D348FEA}.Debug|Any CPU.Build.0 = Debug|Any CPU
		{30A81E25-D5F8-4828-AAA0-EB828D348FEA}.Release|Any CPU.ActiveCfg = Release|Any CPU
		{30A81E25-D5F8-4828-AAA0-EB828D348FEA}.Release|Any CPU.Build.0 = Release|Any CPU
		{C19C113B-9781-4EC3-9094-5FE7A121E47C}.Debug|Any CPU.ActiveCfg = Debug|Any CPU
		{C19C113B-9781-4EC3-9094-5FE7A121E47C}.Debug|Any CPU.Build.0 = Debug|Any CPU
		{C19C113B-9781-4EC3-9094-5FE7A121E47C}.Release|Any CPU.ActiveCfg = Release|Any CPU
		{C19C113B-9781-4EC3-9094-5FE7A121E47C}.Release|Any CPU.Build.0 = Release|Any CPU
	EndGlobalSection
	GlobalSection(SolutionProperties) = preSolution
		HideSolutionNode = FALSE
	EndGlobalSection
EndGlobal
